
Microsoft Visual Studio Solution File, Format Version 12.00
# Visual Studio 15
VisualStudioVersion = 15.0.28010.2016
MinimumVisualStudioVersion = 10.0.40219.1
Project("{FAE04EC0-301F-11D3-BF4B-00C04F79EFBC}") = "ConsoleApp1", "ConsoleApp1\ConsoleApp1.csproj", "{A8059527-E9E9-4AF8-871F-AEBF30D540B9}"
EndProject
Project("{FAE04EC0-301F-11D3-BF4B-00C04F79EFBC}") = "test", "..\test\test\test.csproj", "{AA371DE9-E2DF-4D79-99E1-6F8DE4DEB61E}"
EndProject
Global
	GlobalSection(SolutionConfigurationPlatforms) = preSolution
		Debug|Any CPU = Debug|Any CPU
		Release|Any CPU = Release|Any CPU
	EndGlobalSection
	GlobalSection(ProjectConfigurationPlatforms) = postSolution
		{A8059527-E9E9-4AF8-871F-AEBF30D540B9}.Debug|Any CPU.ActiveCfg = Debug|Any CPU
		{A8059527-E9E9-4AF8-871F-AEBF30D540B9}.Debug|Any CPU.Build.0 = Debug|Any CPU
		{A8059527-E9E9-4AF8-871F-AEBF30D540B9}.Release|Any CPU.ActiveCfg = Release|Any CPU
		{A8059527-E9E9-4AF8-871F-AEBF30D540B9}.Release|Any CPU.Build.0 = Release|Any CPU
		{AA371DE9-E2DF-4D79-99E1-6F8DE4DEB61E}.Debug|Any CPU.ActiveCfg = Debug|Any CPU
		{AA371DE9-E2DF-4D79-99E1-6F8DE4DEB61E}.Debug|Any CPU.Build.0 = Debug|Any CPU
		{AA371DE9-E2DF-4D79-99E1-6F8DE4DEB61E}.Release|Any CPU.ActiveCfg = Release|Any CPU
		{AA371DE9-E2DF-4D79-99E1-6F8DE4DEB61E}.Release|Any CPU.Build.0 = Release|Any CPU
	EndGlobalSection
	GlobalSection(SolutionProperties) = preSolution
		HideSolutionNode = FALSE
	EndGlobalSection
	GlobalSection(ExtensibilityGlobals) = postSolution
		SolutionGuid = {BD96DA33-8F74-4865-944E-3D00F47D26DA}
	EndGlobalSection
EndGlobal
